
Microsoft Visual Studio Solution File, Format Version 12.00
# Visual Studio 14
VisualStudioVersion = 14.0.24720.0
MinimumVisualStudioVersion = 10.0.40219.1
Project("{FAE04EC0-301F-11D3-BF4B-00C04F79EFBC}") = "EmergencyInformationSystem", "EmergencyInformationSystem\EmergencyInformationSystem.csproj", "{34881DCD-FE9D-4666-B663-6D758C32AB01}"
EndProject
Project("{FAE04EC0-301F-11D3-BF4B-00C04F79EFBC}") = "EmergencyInformationSystem.Tests", "EmergencyInformationSystem.Tests\EmergencyInformationSystem.Tests.csproj", "{D49D313D-D328-4F29-A912-1016DEFD74F2}"
EndProject
Global
	GlobalSection(SolutionConfigurationPlatforms) = preSolution
		Debug|Any CPU = Debug|Any CPU
		Release|Any CPU = Release|Any CPU
	EndGlobalSection
	GlobalSection(ProjectConfigurationPlatforms) = postSolution
		{34881DCD-FE9D-4666-B663-6D758C32AB01}.Debug|Any CPU.ActiveCfg = Debug|Any CPU
		{34881DCD-FE9D-4666-B663-6D758C32AB01}.Debug|Any CPU.Build.0 = Debug|Any CPU
		{34881DCD-FE9D-4666-B663-6D758C32AB01}.Release|Any CPU.ActiveCfg = Release|Any CPU
		{34881DCD-FE9D-4666-B663-6D758C32AB01}.Release|Any CPU.Build.0 = Release|Any CPU
		{D49D313D-D328-4F29-A912-1016DEFD74F2}.Debug|Any CPU.ActiveCfg = Debug|Any CPU
		{D49D313D-D328-4F29-A912-1016DEFD74F2}.Debug|Any CPU.Build.0 = Debug|Any CPU
		{D49D313D-D328-4F29-A912-1016DEFD74F2}.Release|Any CPU.ActiveCfg = Release|Any CPU
		{D49D313D-D328-4F29-A912-1016DEFD74F2}.Release|Any CPU.Build.0 = Release|Any CPU
	EndGlobalSection
	GlobalSection(SolutionProperties) = preSolution
		HideSolutionNode = FALSE
	EndGlobalSection
EndGlobal
